
Microsoft Visual Studio Solution File, Format Version 12.00
Project("{FAE04EC0-301F-11D3-BF4B-00C04F79EFBC}") = "ToDoWeb", "ToDoWeb.csproj", "{A1EC5A9F-70F9-42B3-BA91-1AC7ED263AE4}"
EndProject
Global
	GlobalSection(SolutionConfigurationPlatforms) = preSolution
		Debug|Any CPU = Debug|Any CPU
		Release|Any CPU = Release|Any CPU
	EndGlobalSection
	GlobalSection(ProjectConfigurationPlatforms) = postSolution
		{A1EC5A9F-70F9-42B3-BA91-1AC7ED263AE4}.Debug|Any CPU.ActiveCfg = Debug|Any CPU
		{A1EC5A9F-70F9-42B3-BA91-1AC7ED263AE4}.Debug|Any CPU.Build.0 = Debug|Any CPU
		{A1EC5A9F-70F9-42B3-BA91-1AC7ED263AE4}.Release|Any CPU.ActiveCfg = Release|Any CPU
		{A1EC5A9F-70F9-42B3-BA91-1AC7ED263AE4}.Release|Any CPU.Build.0 = Release|Any CPU
	EndGlobalSection
EndGlobal
